{
  "name": "new-chat",
  "version": "0.0.0",
  "lockfileVersion": 1,
  "requires": true,
  "dependencies": {
    "@babel/parser": {
      "version": "7.16.4",
      "resolved": "https://registry.npmmirror.com/@babel/parser/download/@babel/parser-7.16.4.tgz?cache=0&sync_timestamp=1637102886037&other_urls=https%3A%2F%2Fregistry.npmmirror.com%2F%40babel%2Fparser%2Fdownload%2F%40babel%2Fparser-7.16.4.tgz",
      "integrity": "sha512-6V0qdPUaiVHH3RtZeLIsc+6pDhbYzHR8ogA8w+f+Wc77DuXto19g2QUwveINoS34Uw+W8/hQDGJCx+i4n7xcng=="
    },
    "@element-plus/icons": {
      "version": "0.0.11",
      "resolved": "https://registry.nlark.com/@element-plus/icons/download/@element-plus/icons-0.0.11.tgz",
      "integrity": "sha1-mxh8ACd0VIuRGFDRf6X8L5pRX1c="
    },
    "@popperjs/core": {
      "version": "2.10.2",
      "resolved": "https://registry.npmmirror.com/@popperjs/core/download/@popperjs/core-2.10.2.tgz",
      "integrity": "sha1-B5jAM1Hw3qGlpMq93yalWny+5ZA="
    },
    "@vitejs/plugin-vue": {
      "version": "1.9.4",
      "resolved": "https://registry.npmmirror.com/@vitejs/plugin-vue/download/@vitejs/plugin-vue-1.9.4.tgz?cache=0&sync_timestamp=1637580129028&other_urls=https%3A%2F%2Fregistry.npmmirror.com%2F%40vitejs%2Fplugin-vue%2Fdownload%2F%40vitejs%2Fplugin-vue-1.9.4.tgz",
      "integrity": "sha1-T0hIVDLLuYap+50lTcM84w3cy/o=",
      "dev": true
    },
    "@vue/compiler-core": {
      "version": "3.2.22",
      "resolved": "https://registry.npmmirror.com/@vue/compiler-core/download/@vue/compiler-core-3.2.22.tgz?cache=0&sync_timestamp=1636947961545&other_urls=https%3A%2F%2Fregistry.npmmirror.com%2F%40vue%2Fcompiler-core%2Fdownload%2F%40vue%2Fcompiler-core-3.2.22.tgz",
      "integrity": "sha512-uAkovrVeTcjzpiM4ECmVaMrv/bjdgAaLzvjcGqQPBEyUrcqsCgccT9fHJ/+hWVGhyMahmBwLqcn4guULNx7sdw==",
      "requires": {
        "@babel/parser": "^7.15.0",
        "@vue/shared": "3.2.22",
        "estree-walker": "^2.0.2",
        "source-map": "^0.6.1"
      }
    },
    "@vue/compiler-dom": {
      "version": "3.2.22",
      "resolved": "https://registry.npmmirror.com/@vue/compiler-dom/download/@vue/compiler-dom-3.2.22.tgz?cache=0&sync_timestamp=1636947961339&other_urls=https%3A%2F%2Fregistry.npmmirror.com%2F%40vue%2Fcompiler-dom%2Fdownload%2F%40vue%2Fcompiler-dom-3.2.22.tgz",
      "integrity": "sha512-VZdsw/VuO1ODs8K7NQwnMQzKITDkIFlYYC03SVnunuf6eNRxBPEonSyqbWNoo6qNaHAEBTG6VVcZC5xC9bAx1g==",
      "requires": {
        "@vue/compiler-core": "3.2.22",
        "@vue/shared": "3.2.22"
      }
    },
    "@vue/compiler-sfc": {
      "version": "3.2.22",
      "resolved": "https://registry.npmmirror.com/@vue/compiler-sfc/download/@vue/compiler-sfc-3.2.22.tgz?cache=0&sync_timestamp=1636947992058&other_urls=https%3A%2F%2Fregistry.npmmirror.com%2F%40vue%2Fcompiler-sfc%2Fdownload%2F%40vue%2Fcompiler-sfc-3.2.22.tgz",
      "integrity": "sha512-tWRQ5ge1tsTDhUwHgueicKJ8rYm6WUVAPTaIpFW3GSwZKcOEJ2rXdfkHFShNVGupeRALz2ET2H84OL0GeRxY0A==",
      "requires": {
        "@babel/parser": "^7.15.0",
        "@vue/compiler-core": "3.2.22",
        "@vue/compiler-dom": "3.2.22",
        "@vue/compiler-ssr": "3.2.22",
        "@vue/ref-transform": "3.2.22",
        "@vue/shared": "3.2.22",
        "estree-walker": "^2.0.2",
        "magic-string": "^0.25.7",
        "postcss": "^8.1.10",
        "source-map": "^0.6.1"
      }
    },
    "@vue/compiler-ssr": {
      "version": "3.2.22",
      "resolved": "https://registry.npmmirror.com/@vue/compiler-ssr/download/@vue/compiler-ssr-3.2.22.tgz?cache=0&sync_timestamp=1636947992259&other_urls=https%3A%2F%2Fregistry.npmmirror.com%2F%40vue%2Fcompiler-ssr%2Fdownload%2F%40vue%2Fcompiler-ssr-3.2.22.tgz",
      "integrity": "sha512-Cl6aoLJtXzzBkk1sKod8S0WBJLts3+ugVC91d22gGpbkw/64WnF12tOZi7Rg54PPLi1NovqyNWPsLH/SAFcu+w==",
      "requires": {
        "@vue/compiler-dom": "3.2.22",
        "@vue/shared": "3.2.22"
      }
    },
    "@vue/devtools-api": {
      "version": "6.0.0-beta.20.1",
      "resolved": "https://registry.npmmirror.com/@vue/devtools-api/download/@vue/devtools-api-6.0.0-beta.20.1.tgz",
      "integrity": "sha512-R2rfiRY+kZugzWh9ZyITaovx+jpU4vgivAEAiz80kvh3yviiTU3CBuGuyWpSwGz9/C7TkSWVM/FtQRGlZ16n8Q=="
    },
    "@vue/reactivity": {
      "version": "3.2.22",
      "resolved": "https://registry.npmmirror.com/@vue/reactivity/download/@vue/reactivity-3.2.22.tgz?cache=0&sync_timestamp=1636947987238&other_urls=https%3A%2F%2Fregistry.npmmirror.com%2F%40vue%2Freactivity%2Fdownload%2F%40vue%2Freactivity-3.2.22.tgz",
      "integrity": "sha512-xNkLAItjI0xB+lFeDgKCrSItmrHTaAzSnt8LmdSCPQnDyarmzbi/u4ESQnckWvlL7lSRKiEaOvblaNyqAa7OnQ==",
      "requires": {
        "@vue/shared": "3.2.22"
      }
    },
    "@vue/ref-transform": {
      "version": "3.2.22",
      "resolved": "https://registry.npmmirror.com/@vue/ref-transform/download/@vue/ref-transform-3.2.22.tgz?cache=0&sync_timestamp=1636947991925&other_urls=https%3A%2F%2Fregistry.npmmirror.com%2F%40vue%2Fref-transform%2Fdownload%2F%40vue%2Fref-transform-3.2.22.tgz",
      "integrity": "sha512-qalVWbq5xWWxLZ0L9OroBg/JZhzavQuCcDXblfErxyDEH6Xc5gIJ4feo1SVCICFzhAUgLgQTdSFLpgjBawbFpw==",
      "requires": {
        "@babel/parser": "^7.15.0",
        "@vue/compiler-core": "3.2.22",
        "@vue/shared": "3.2.22",
        "estree-walker": "^2.0.2",
        "magic-string": "^0.25.7"
      }
    },
    "@vue/runtime-core": {
      "version": "3.2.22",
      "resolved": "https://registry.npmmirror.com/@vue/runtime-core/download/@vue/runtime-core-3.2.22.tgz?cache=0&sync_timestamp=1636947988668&other_urls=https%3A%2F%2Fregistry.npmmirror.com%2F%40vue%2Fruntime-core%2Fdownload%2F%40vue%2Fruntime-core-3.2.22.tgz",
      "integrity": "sha512-e7WOC55wmHPvmoVUk9VBe/Z9k5bJfWJfVIlkUkiADJn0bOgQD29oh/GS14Kb3aEJXIHLI17Em6+HxNut1sIh7Q==",
      "requires": {
        "@vue/reactivity": "3.2.22",
        "@vue/shared": "3.2.22"
      }
    },
    "@vue/runtime-dom": {
      "version": "3.2.22",
      "resolved": "https://registry.npmmirror.com/@vue/runtime-dom/download/@vue/runtime-dom-3.2.22.tgz",
      "integrity": "sha512-w7VHYJoliLRTLc5beN77wxuOjla4v9wr2FF22xpZFYBmH4U1V7HkYhoHc1BTuNghI15CXT1tNIMhibI1nrQgdw==",
      "requires": {
        "@vue/runtime-core": "3.2.22",
        "@vue/shared": "3.2.22",
        "csstype": "^2.6.8"
      }
    },
    "@vue/server-renderer": {
      "version": "3.2.22",
      "resolved": "https://registry.npmmirror.com/@vue/server-renderer/download/@vue/server-renderer-3.2.22.tgz?cache=0&sync_timestamp=1636947988106&other_urls=https%3A%2F%2Fregistry.npmmirror.com%2F%40vue%2Fserver-renderer%2Fdownload%2F%40vue%2Fserver-renderer-3.2.22.tgz",
      "integrity": "sha512-jCwbQgKPXiXoH9VS9F7K+gyEvEMrjutannwEZD1R8fQ9szmOTqC+RRbIY3Uf2ibQjZtZ8DV9a4FjxICvd9zZlQ==",
      "requires": {
        "@vue/compiler-ssr": "3.2.22",
        "@vue/shared": "3.2.22"
      }
    },
    "@vue/shared": {
      "version": "3.2.22",
      "resolved": "https://registry.npmmirror.com/@vue/shared/download/@vue/shared-3.2.22.tgz?cache=0&sync_timestamp=1636948029190&other_urls=https%3A%2F%2Fregistry.npmmirror.com%2F%40vue%2Fshared%2Fdownload%2F%40vue%2Fshared-3.2.22.tgz",
      "integrity": "sha512-qWVav014mpjEtbWbEgl0q9pEyrrIySKum8UVYjwhC6njrKzknLZPvfuYdQyVbApsqr94tf/3dP4pCuZmmjdCWQ=="
    },
    "@vueuse/core": {
      "version": "6.9.2",
      "resolved": "https://registry.npmmirror.com/@vueuse/core/download/@vueuse/core-6.9.2.tgz",
      "integrity": "sha512-FRwl4ccSFuHZBHLGgS9TMv/+Dd6XFaL4o9nph2qtgQIV+z29RBFokw08XjHfykiENRzB01MjYHJ7iRUnsIFQXg==",
      "requires": {
        "@vueuse/shared": "6.9.2",
        "vue-demi": "*"
      }
    },
    "@vueuse/shared": {
      "version": "6.9.2",
      "resolved": "https://registry.npmmirror.com/@vueuse/shared/download/@vueuse/shared-6.9.2.tgz",
      "integrity": "sha512-lAiMh6XROs0kSKVd0Yb/6GKoQMxC1fYrFDi6opvQWISPtcqRNluRrQxLUZ3WTI78ovtoKRLktjhkFAtydcfFDg==",
      "requires": {
        "vue-demi": "*"
      }
    },
    "anymatch": {
      "version": "3.1.2",
      "resolved": "https://registry.npm.taobao.org/anymatch/download/anymatch-3.1.2.tgz?cache=0&sync_timestamp=1617747502795&other_urls=https%3A%2F%2Fregistry.npm.taobao.org%2Fanymatch%2Fdownload%2Fanymatch-3.1.2.tgz",
      "integrity": "sha1-wFV8CWrzLxBhmPT04qODU343hxY=",
      "dev": true,
      "requires": {
        "normalize-path": "^3.0.0",
        "picomatch": "^2.0.4"
      }
    },
    "async-validator": {
      "version": "4.0.7",
      "resolved": "https://registry.npmmirror.com/async-validator/download/async-validator-4.0.7.tgz?cache=0&sync_timestamp=1634529532378&other_urls=https%3A%2F%2Fregistry.npmmirror.com%2Fasync-validator%2Fdownload%2Fasync-validator-4.0.7.tgz",
      "integrity": "sha1-A0oP0hA6ay6/AQ2nUYO+wpkkev4="
    },
    "binary-extensions": {
      "version": "2.2.0",
      "resolved": "https://registry.npm.taobao.org/binary-extensions/download/binary-extensions-2.2.0.tgz?cache=0&sync_timestamp=1610299322955&other_urls=https%3A%2F%2Fregistry.npm.taobao.org%2Fbinary-extensions%2Fdownload%2Fbinary-extensions-2.2.0.tgz",
      "integrity": "sha1-dfUC7q+f/eQvyYgpZFvk6na9ni0=",
      "dev": true
    },
    "braces": {
      "version": "3.0.2",
      "resolved": "https://registry.npm.taobao.org/braces/download/braces-3.0.2.tgz",
      "integrity": "sha1-NFThpGLujVmeI23zNs2epPiv4Qc=",
      "dev": true,
      "requires": {
        "fill-range": "^7.0.1"
      }
    },
    "chokidar": {
      "version": "3.5.2",
      "resolved": "https://registry.npmmirror.com/chokidar/download/chokidar-3.5.2.tgz",
      "integrity": "sha1-26OXb8rbAW9m/TZQIdkWANAcHnU=",
      "dev": true,
      "requires": {
        "anymatch": "~3.1.2",
        "braces": "~3.0.2",
        "fsevents": "~2.3.2",
        "glob-parent": "~5.1.2",
        "is-binary-path": "~2.1.0",
        "is-glob": "~4.0.1",
        "normalize-path": "~3.0.0",
        "readdirp": "~3.6.0"
      }
    },
    "csstype": {
      "version": "2.6.19",
      "resolved": "https://registry.npmmirror.com/csstype/download/csstype-2.6.19.tgz?cache=0&sync_timestamp=1637224507298&other_urls=https%3A%2F%2Fregistry.npmmirror.com%2Fcsstype%2Fdownload%2Fcsstype-2.6.19.tgz",
      "integrity": "sha512-ZVxXaNy28/k3kJg0Fou5MiYpp88j7H9hLZp8PDC3jV0WFjfH5E9xHb56L0W59cPbKbcHXeP4qyT8PrHp8t6LcQ=="
    },
    "dayjs": {
      "version": "1.10.7",
      "resolved": "https://registry.nlark.com/dayjs/download/dayjs-1.10.7.tgz",
      "integrity": "sha1-LPX5Gt0oEWdIRAhmoKHSbzps5Gg="
    },
    "echarts": {
      "version": "5.2.2",
      "resolved": "https://registry.npmmirror.com/echarts/download/echarts-5.2.2.tgz",
      "integrity": "sha1-7DyLKhUcu6cbo8LHz5svIEfOQ3A=",
      "requires": {
        "tslib": "2.3.0",
        "zrender": "5.2.1"
      }
    },
    "element-plus": {
      "version": "1.2.0-beta.3",
      "resolved": "https://registry.npmmirror.com/element-plus/download/element-plus-1.2.0-beta.3.tgz",
      "integrity": "sha512-vvUxR3uL2k9K+WCWz/98hq4uPQ6jvfGf0hfzWvao7pySJkNQq9DtRPC6/4/zUceA/J6Y2Yo3xSbR19JRCwurRw==",
      "requires": {
        "@element-plus/icons": "^0.0.11",
        "@popperjs/core": "^2.10.2",
        "@vueuse/core": "^6.7.3",
        "async-validator": "^4.0.7",
        "dayjs": "^1.10.7",
        "lodash": "^4.17.21",
        "memoize-one": "^6.0.0",
        "normalize-wheel-es": "^1.1.0"
      }
    },
    "esbuild": {
      "version": "0.13.15",
      "resolved": "https://registry.npmmirror.com/esbuild/download/esbuild-0.13.15.tgz?cache=0&sync_timestamp=1637431976821&other_urls=https%3A%2F%2Fregistry.npmmirror.com%2Fesbuild%2Fdownload%2Fesbuild-0.13.15.tgz",
      "integrity": "sha512-raCxt02HBKv8RJxE8vkTSCXGIyKHdEdGfUmiYb8wnabnaEmHzyW7DCHb5tEN0xU8ryqg5xw54mcwnYkC4x3AIw==",
      "dev": true,
      "requires": {
        "esbuild-android-arm64": "0.13.15",
        "esbuild-darwin-64": "0.13.15",
        "esbuild-darwin-arm64": "0.13.15",
        "esbuild-freebsd-64": "0.13.15",
        "esbuild-freebsd-arm64": "0.13.15",
        "esbuild-linux-32": "0.13.15",
        "esbuild-linux-64": "0.13.15",
        "esbuild-linux-arm": "0.13.15",
        "esbuild-linux-arm64": "0.13.15",
        "esbuild-linux-mips64le": "0.13.15",
        "esbuild-linux-ppc64le": "0.13.15",
        "esbuild-netbsd-64": "0.13.15",
        "esbuild-openbsd-64": "0.13.15",
        "esbuild-sunos-64": "0.13.15",
        "esbuild-windows-32": "0.13.15",
        "esbuild-windows-64": "0.13.15",
        "esbuild-windows-arm64": "0.13.15"
      }
    },
    "esbuild-android-arm64": {
      "version": "0.13.15",
      "resolved": "https://registry.npmmirror.com/esbuild-android-arm64/download/esbuild-android-arm64-0.13.15.tgz?cache=0&other_urls=https%3A%2F%2Fregistry.npmmirror.com%2Fesbuild-android-arm64%2Fdownload%2Fesbuild-android-arm64-0.13.15.tgz",
      "integrity": "sha512-m602nft/XXeO8YQPUDVoHfjyRVPdPgjyyXOxZ44MK/agewFFkPa8tUo6lAzSWh5Ui5PB4KR9UIFTSBKh/RrCmg==",
      "dev": true,
      "optional": true
    },
    "esbuild-darwin-64": {
      "version": "0.13.15",
      "resolved": "https://registry.npmmirror.com/esbuild-darwin-64/download/esbuild-darwin-64-0.13.15.tgz",
      "integrity": "sha512-ihOQRGs2yyp7t5bArCwnvn2Atr6X4axqPpEdCFPVp7iUj4cVSdisgvEKdNR7yH3JDjW6aQDw40iQFoTqejqxvQ==",
      "dev": true,
      "optional": true
    },
    "esbuild-darwin-arm64": {
      "version": "0.13.15",
      "resolved": "https://registry.npmmirror.com/esbuild-darwin-arm64/download/esbuild-darwin-arm64-0.13.15.tgz?cache=0&sync_timestamp=1637431975641&other_urls=https%3A%2F%2Fregistry.npmmirror.com%2Fesbuild-darwin-arm64%2Fdownload%2Fesbuild-darwin-arm64-0.13.15.tgz",
      "integrity": "sha512-i1FZssTVxUqNlJ6cBTj5YQj4imWy3m49RZRnHhLpefFIh0To05ow9DTrXROTE1urGTQCloFUXTX8QfGJy1P8dQ==",
      "dev": true,
      "optional": true
    },
    "esbuild-freebsd-64": {
      "version": "0.13.15",
      "resolved": "https://registry.npmmirror.com/esbuild-freebsd-64/download/esbuild-freebsd-64-0.13.15.tgz",
      "integrity": "sha512-G3dLBXUI6lC6Z09/x+WtXBXbOYQZ0E8TDBqvn7aMaOCzryJs8LyVXKY4CPnHFXZAbSwkCbqiPuSQ1+HhrNk7EA==",
      "dev": true,
      "optional": true
    },
    "esbuild-freebsd-arm64": {
      "version": "0.13.15",
      "resolved": "https://registry.npmmirror.com/esbuild-freebsd-arm64/download/esbuild-freebsd-arm64-0.13.15.tgz?cache=0&sync_timestamp=1637431973102&other_urls=https%3A%2F%2Fregistry.npmmirror.com%2Fesbuild-freebsd-arm64%2Fdownload%2Fesbuild-freebsd-arm64-0.13.15.tgz",
      "integrity": "sha512-KJx0fzEDf1uhNOZQStV4ujg30WlnwqUASaGSFPhznLM/bbheu9HhqZ6mJJZM32lkyfGJikw0jg7v3S0oAvtvQQ==",
      "dev": true,
      "optional": true
    },
    "esbuild-linux-32": {
      "version": "0.13.15",
      "resolved": "https://registry.npmmirror.com/esbuild-linux-32/download/esbuild-linux-32-0.13.15.tgz?cache=0&sync_timestamp=1637431975048&other_urls=https%3A%2F%2Fregistry.npmmirror.com%2Fesbuild-linux-32%2Fdownload%2Fesbuild-linux-32-0.13.15.tgz",
      "integrity": "sha512-ZvTBPk0YWCLMCXiFmD5EUtB30zIPvC5Itxz0mdTu/xZBbbHJftQgLWY49wEPSn2T/TxahYCRDWun5smRa0Tu+g==",
      "dev": true,
      "optional": true
    },
    "esbuild-linux-64": {
      "version": "0.13.15",
      "resolved": "https://registry.npmmirror.com/esbuild-linux-64/download/esbuild-linux-64-0.13.15.tgz?cache=0&sync_timestamp=1637431974551&other_urls=https%3A%2F%2Fregistry.npmmirror.com%2Fesbuild-linux-64%2Fdownload%2Fesbuild-linux-64-0.13.15.tgz",
      "integrity": "sha512-eCKzkNSLywNeQTRBxJRQ0jxRCl2YWdMB3+PkWFo2BBQYC5mISLIVIjThNtn6HUNqua1pnvgP5xX0nHbZbPj5oA==",
      "dev": true,
      "optional": true
    },
    "esbuild-linux-arm": {
      "version": "0.13.15",
      "resolved": "https://registry.npmmirror.com/esbuild-linux-arm/download/esbuild-linux-arm-0.13.15.tgz?cache=0&sync_timestamp=1637431973576&other_urls=https%3A%2F%2Fregistry.npmmirror.com%2Fesbuild-linux-arm%2Fdownload%2Fesbuild-linux-arm-0.13.15.tgz",
      "integrity": "sha512-wUHttDi/ol0tD8ZgUMDH8Ef7IbDX+/UsWJOXaAyTdkT7Yy9ZBqPg8bgB/Dn3CZ9SBpNieozrPRHm0BGww7W/jA==",
      "dev": true,
      "optional": true
    },
    "esbuild-linux-arm64": {
      "version": "0.13.15",
      "resolved": "https://registry.npmmirror.com/esbuild-linux-arm64/download/esbuild-linux-arm64-0.13.15.tgz?cache=0&sync_timestamp=1637499096174&other_urls=https%3A%2F%2Fregistry.npmmirror.com%2Fesbuild-linux-arm64%2Fdownload%2Fesbuild-linux-arm64-0.13.15.tgz",
      "integrity": "sha512-bYpuUlN6qYU9slzr/ltyLTR9YTBS7qUDymO8SV7kjeNext61OdmqFAzuVZom+OLW1HPHseBfJ/JfdSlx8oTUoA==",
      "dev": true,
      "optional": true
    },
    "esbuild-linux-mips64le": {
      "version": "0.13.15",
      "resolved": "https://registry.npmmirror.com/esbuild-linux-mips64le/download/esbuild-linux-mips64le-0.13.15.tgz",
      "integrity": "sha512-KlVjIG828uFPyJkO/8gKwy9RbXhCEUeFsCGOJBepUlpa7G8/SeZgncUEz/tOOUJTcWMTmFMtdd3GElGyAtbSWg==",
      "dev": true,
      "optional": true
    },
    "esbuild-linux-ppc64le": {
      "version": "0.13.15",
      "resolved": "https://registry.npmmirror.com/esbuild-linux-ppc64le/download/esbuild-linux-ppc64le-0.13.15.tgz?cache=0&other_urls=https%3A%2F%2Fregistry.npmmirror.com%2Fesbuild-linux-ppc64le%2Fdownload%2Fesbuild-linux-ppc64le-0.13.15.tgz",
      "integrity": "sha512-h6gYF+OsaqEuBjeesTBtUPw0bmiDu7eAeuc2OEH9S6mV9/jPhPdhOWzdeshb0BskRZxPhxPOjqZ+/OqLcxQwEQ==",
      "dev": true,
      "optional": true
    },
    "esbuild-netbsd-64": {
      "version": "0.13.15",
      "resolved": "https://registry.npmmirror.com/esbuild-netbsd-64/download/esbuild-netbsd-64-0.13.15.tgz?cache=0&sync_timestamp=1637431972651&other_urls=https%3A%2F%2Fregistry.npmmirror.com%2Fesbuild-netbsd-64%2Fdownload%2Fesbuild-netbsd-64-0.13.15.tgz",
      "integrity": "sha512-3+yE9emwoevLMyvu+iR3rsa+Xwhie7ZEHMGDQ6dkqP/ndFzRHkobHUKTe+NCApSqG5ce2z4rFu+NX/UHnxlh3w==",
      "dev": true,
      "optional": true
    },
    "esbuild-openbsd-64": {
      "version": "0.13.15",
      "resolved": "https://registry.npmmirror.com/esbuild-openbsd-64/download/esbuild-openbsd-64-0.13.15.tgz?cache=0&other_urls=https%3A%2F%2Fregistry.npmmirror.com%2Fesbuild-openbsd-64%2Fdownload%2Fesbuild-openbsd-64-0.13.15.tgz",
      "integrity": "sha512-wTfvtwYJYAFL1fSs8yHIdf5GEE4NkbtbXtjLWjM3Cw8mmQKqsg8kTiqJ9NJQe5NX/5Qlo7Xd9r1yKMMkHllp5g==",
      "dev": true,
      "optional": true
    },
    "esbuild-sunos-64": {
      "version": "0.13.15",
      "resolved": "https://registry.npmmirror.com/esbuild-sunos-64/download/esbuild-sunos-64-0.13.15.tgz",
      "integrity": "sha512-lbivT9Bx3t1iWWrSnGyBP9ODriEvWDRiweAs69vI+miJoeKwHWOComSRukttbuzjZ8r1q0mQJ8Z7yUsDJ3hKdw==",
      "dev": true,
      "optional": true
    },
    "esbuild-windows-32": {
      "version": "0.13.15",
      "resolved": "https://registry.npmmirror.com/esbuild-windows-32/download/esbuild-windows-32-0.13.15.tgz?cache=0&sync_timestamp=1637431973997&other_urls=https%3A%2F%2Fregistry.npmmirror.com%2Fesbuild-windows-32%2Fdownload%2Fesbuild-windows-32-0.13.15.tgz",
      "integrity": "sha512-fDMEf2g3SsJ599MBr50cY5ve5lP1wyVwTe6aLJsM01KtxyKkB4UT+fc5MXQFn3RLrAIAZOG+tHC+yXObpSn7Nw==",
      "dev": true,
      "optional": true
    },
    "esbuild-windows-64": {
      "version": "0.13.15",
      "resolved": "https://registry.npmmirror.com/esbuild-windows-64/download/esbuild-windows-64-0.13.15.tgz",
      "integrity": "sha512-9aMsPRGDWCd3bGjUIKG/ZOJPKsiztlxl/Q3C1XDswO6eNX/Jtwu4M+jb6YDH9hRSUflQWX0XKAfWzgy5Wk54JQ==",
      "dev": true,
      "optional": true
    },
    "esbuild-windows-arm64": {
      "version": "0.13.15",
      "resolved": "https://registry.npmmirror.com/esbuild-windows-arm64/download/esbuild-windows-arm64-0.13.15.tgz?cache=0&sync_timestamp=1637431971733&other_urls=https%3A%2F%2Fregistry.npmmirror.com%2Fesbuild-windows-arm64%2Fdownload%2Fesbuild-windows-arm64-0.13.15.tgz",
      "integrity": "sha512-zzvyCVVpbwQQATaf3IG8mu1IwGEiDxKkYUdA4FpoCHi1KtPa13jeScYDjlW0Qh+ebWzpKfR2ZwvqAQkSWNcKjA==",
      "dev": true,
      "optional": true
    },
    "estree-walker": {
      "version": "2.0.2",
      "resolved": "https://registry.npm.taobao.org/estree-walker/download/estree-walker-2.0.2.tgz",
      "integrity": "sha1-UvAQF4wqTBF6d1fP6UKtt9LaTKw="
    },
    "fill-range": {
      "version": "7.0.1",
      "resolved": "https://registry.npm.taobao.org/fill-range/download/fill-range-7.0.1.tgz",
      "integrity": "sha1-GRmmp8df44ssfHflGYU12prN2kA=",
      "dev": true,
      "requires": {
        "to-regex-range": "^5.0.1"
      }
    },
    "fsevents": {
      "version": "2.3.2",
      "resolved": "https://registry.npmmirror.com/fsevents/download/fsevents-2.3.2.tgz",
      "integrity": "sha1-ilJveLj99GI7cJ4Ll1xSwkwC/Ro=",
      "dev": true,
      "optional": true
    },
    "function-bind": {
      "version": "1.1.1",
      "resolved": "https://registry.npm.taobao.org/function-bind/download/function-bind-1.1.1.tgz",
      "integrity": "sha1-pWiZ0+o8m6uHS7l3O3xe3pL0iV0=",
      "dev": true
    },
    "glob-parent": {
      "version": "5.1.2",
      "resolved": "https://registry.npmmirror.com/glob-parent/download/glob-parent-5.1.2.tgz?cache=0&sync_timestamp=1632953810778&other_urls=https%3A%2F%2Fregistry.npmmirror.com%2Fglob-parent%2Fdownload%2Fglob-parent-5.1.2.tgz",
      "integrity": "sha1-hpgyxYA0/mikCTwX3BXoNA2EAcQ=",
      "dev": true,
      "requires": {
        "is-glob": "^4.0.1"
      }
    },
    "has": {
      "version": "1.0.3",
      "resolved": "https://registry.npm.taobao.org/has/download/has-1.0.3.tgz",
      "integrity": "sha1-ci18v8H2qoJB8W3YFOAR4fQeh5Y=",
      "dev": true,
      "requires": {
        "function-bind": "^1.1.1"
      }
    },
    "is-binary-path": {
      "version": "2.1.0",
      "resolved": "https://registry.npm.taobao.org/is-binary-path/download/is-binary-path-2.1.0.tgz",
      "integrity": "sha1-6h9/O4DwZCNug0cPhsCcJU+0Wwk=",
      "dev": true,
      "requires": {
        "binary-extensions": "^2.0.0"
      }
    },
    "is-core-module": {
      "version": "2.8.0",
      "resolved": "https://registry.npmmirror.com/is-core-module/download/is-core-module-2.8.0.tgz?cache=0&sync_timestamp=1634236539354&other_urls=https%3A%2F%2Fregistry.npmmirror.com%2Fis-core-module%2Fdownload%2Fis-core-module-2.8.0.tgz",
      "integrity": "sha1-AyEzbD0JJeSX/Zf12VyxFKXM1Ug=",
      "dev": true,
      "requires": {
        "has": "^1.0.3"
      }
    },
    "is-extglob": {
      "version": "2.1.1",
      "resolved": "https://registry.npm.taobao.org/is-extglob/download/is-extglob-2.1.1.tgz",
      "integrity": "sha1-qIwCU1eR8C7TfHahueqXc8gz+MI=",
      "dev": true
    },
    "is-glob": {
      "version": "4.0.3",
      "resolved": "https://registry.npmmirror.com/is-glob/download/is-glob-4.0.3.tgz",
      "integrity": "sha1-ZPYeQsu7LuwgcanawLKLoeZdUIQ=",
      "dev": true,
      "requires": {
        "is-extglob": "^2.1.1"
      }
    },
    "is-number": {
      "version": "7.0.0",
      "resolved": "https://registry.npm.taobao.org/is-number/download/is-number-7.0.0.tgz",
      "integrity": "sha1-dTU0W4lnNNX4DE0GxQlVUnoU8Ss=",
      "dev": true
    },
    "klona": {
      "version": "2.0.5",
      "resolved": "https://registry.npmmirror.com/klona/download/klona-2.0.5.tgz?cache=0&sync_timestamp=1635385383825&other_urls=https%3A%2F%2Fregistry.npmmirror.com%2Fklona%2Fdownload%2Fklona-2.0.5.tgz",
      "integrity": "sha1-0WZXTZAHY5XZljqnqSj6u412r7w=",
      "dev": true
    },
    "lodash": {
      "version": "4.17.21",
      "resolved": "https://registry.npm.taobao.org/lodash/download/lodash-4.17.21.tgz",
      "integrity": "sha1-Z5WRxWTDv/quhFTPCz3zcMPWkRw="
    },
    "magic-string": {
      "version": "0.25.7",
      "resolved": "https://registry.npm.taobao.org/magic-string/download/magic-string-0.25.7.tgz",
      "integrity": "sha1-P0l9b9NMZpxnmNy4IfLvMfVEUFE=",
      "requires": {
        "sourcemap-codec": "^1.4.4"
      }
    },
    "memoize-one": {
      "version": "6.0.0",
      "resolved": "https://registry.npmmirror.com/memoize-one/download/memoize-one-6.0.0.tgz?cache=0&other_urls=https%3A%2F%2Fregistry.npmmirror.com%2Fmemoize-one%2Fdownload%2Fmemoize-one-6.0.0.tgz",
      "integrity": "sha1-slkbhx7YKUiu5HJ9xqvO7qyMEEU="
    },
    "nanoid": {
      "version": "3.1.30",
      "resolved": "https://registry.npmmirror.com/nanoid/download/nanoid-3.1.30.tgz",
      "integrity": "sha1-Y/k8xUjSoRPcXfvGO/oJ4rm2Q2I="
    },
    "neo-async": {
      "version": "2.6.2",
      "resolved": "https://registry.npm.taobao.org/neo-async/download/neo-async-2.6.2.tgz?cache=0&sync_timestamp=1594317853334&other_urls=https%3A%2F%2Fregistry.npm.taobao.org%2Fneo-async%2Fdownload%2Fneo-async-2.6.2.tgz",
      "integrity": "sha1-tKr7k+OustgXTKU88WOrfXMIMF8=",
      "dev": true
    },
    "normalize-path": {
      "version": "3.0.0",
      "resolved": "https://registry.npm.taobao.org/normalize-path/download/normalize-path-3.0.0.tgz",
      "integrity": "sha1-Dc1p/yOhybEf0JeDFmRKA4ghamU=",
      "dev": true
    },
    "normalize-wheel-es": {
      "version": "1.1.1",
      "resolved": "https://registry.npmmirror.com/normalize-wheel-es/download/normalize-wheel-es-1.1.1.tgz",
      "integrity": "sha1-qAlttqVvlDMtiE/Y6+2ojy/HlWk="
    },
    "path-parse": {
      "version": "1.0.7",
      "resolved": "https://registry.nlark.com/path-parse/download/path-parse-1.0.7.tgz",
      "integrity": "sha1-+8EUtgykKzDZ2vWFjkvWi77bZzU=",
      "dev": true
    },
    "picocolors": {
      "version": "1.0.0",
      "resolved": "https://registry.npmmirror.com/picocolors/download/picocolors-1.0.0.tgz?cache=0&sync_timestamp=1634093339035&other_urls=https%3A%2F%2Fregistry.npmmirror.com%2Fpicocolors%2Fdownload%2Fpicocolors-1.0.0.tgz",
      "integrity": "sha1-y1vcdP8/UYkiNur3nWi8RFZKuBw="
    },
    "picomatch": {
      "version": "2.3.0",
      "resolved": "https://registry.nlark.com/picomatch/download/picomatch-2.3.0.tgz",
      "integrity": "sha1-8fBh3o9qS/AiiS4tEoI0+5gwKXI=",
      "dev": true
    },
    "pinia": {
      "version": "2.0.4",
      "resolved": "https://registry.npmmirror.com/pinia/download/pinia-2.0.4.tgz",
      "integrity": "sha512-nAc2f9HmOcBbWRlnGDuBGedM1G6uFAR10FnJWP1/dgm1I2tM5jbgKL/3IgynP4mBnPCy//ky7g0WpCZl5Mmxsg==",
      "requires": {
        "@vue/devtools-api": "^6.0.0-beta.20.1",
        "vue-demi": "*"
      }
    },
    "postcss": {
      "version": "8.3.11",
      "resolved": "https://registry.npmmirror.com/postcss/download/postcss-8.3.11.tgz",
      "integrity": "sha1-w77KfqgRzV4cSj7G0udZnvH4+Fg=",
      "requires": {
        "nanoid": "^3.1.30",
        "picocolors": "^1.0.0",
        "source-map-js": "^0.6.2"
      }
    },
    "readdirp": {
      "version": "3.6.0",
      "resolved": "https://registry.nlark.com/readdirp/download/readdirp-3.6.0.tgz",
      "integrity": "sha1-dKNwvYVxFuJFspzJc0DNQxoCpsc=",
      "dev": true,
      "requires": {
        "picomatch": "^2.2.1"
      }
    },
    "resolve": {
      "version": "1.20.0",
      "resolved": "https://registry.nlark.com/resolve/download/resolve-1.20.0.tgz?cache=0&sync_timestamp=1618846903792&other_urls=https%3A%2F%2Fregistry.nlark.com%2Fresolve%2Fdownload%2Fresolve-1.20.0.tgz",
      "integrity": "sha1-YpoBP7P3B1XW8LeTXMHCxTeLGXU=",
      "dev": true,
      "requires": {
        "is-core-module": "^2.2.0",
        "path-parse": "^1.0.6"
      }
    },
    "rollup": {
      "version": "2.60.1",
      "resolved": "https://registry.npmmirror.com/rollup/download/rollup-2.60.1.tgz?cache=0&sync_timestamp=1637567564946&other_urls=https%3A%2F%2Fregistry.npmmirror.com%2Frollup%2Fdownload%2Frollup-2.60.1.tgz",
      "integrity": "sha512-akwfnpjY0rXEDSn1UTVfKXJhPsEBu+imi1gqBA1ZkHGydUnkV/fWCC90P7rDaLEW8KTwBcS1G3N4893Ndz+jwg==",
      "dev": true,
      "requires": {
        "fsevents": "~2.3.2"
      }
    },
    "sass": {
      "version": "1.43.4",
      "resolved": "https://registry.npmmirror.com/sass/download/sass-1.43.4.tgz",
      "integrity": "sha1-aMfWobAEvvSa8NnK91DpslIQXR8=",
      "dev": true,
      "requires": {
        "chokidar": ">=3.0.0 <4.0.0"
      }
    },
    "sass-loader": {
      "version": "12.3.0",
      "resolved": "https://registry.npmmirror.com/sass-loader/download/sass-loader-12.3.0.tgz?cache=0&sync_timestamp=1635385383233&other_urls=https%3A%2F%2Fregistry.npmmirror.com%2Fsass-loader%2Fdownload%2Fsass-loader-12.3.0.tgz",
      "integrity": "sha1-kyeJgcGJw2pYy/w31LnO8M3AKHE=",
      "dev": true,
      "requires": {
        "klona": "^2.0.4",
        "neo-async": "^2.6.2"
      }
    },
    "source-map": {
      "version": "0.6.1",
      "resolved": "https://registry.npm.taobao.org/source-map/download/source-map-0.6.1.tgz",
      "integrity": "sha1-dHIq8y6WFOnCh6jQu95IteLxomM="
    },
    "source-map-js": {
      "version": "0.6.2",
      "resolved": "https://registry.npmmirror.com/source-map-js/download/source-map-js-0.6.2.tgz?cache=0&sync_timestamp=1636401089874&other_urls=https%3A%2F%2Fregistry.npmmirror.com%2Fsource-map-js%2Fdownload%2Fsource-map-js-0.6.2.tgz",
      "integrity": "sha1-C7XeYxtBz72mz7qL0FqA79/SOF4="
    },
    "sourcemap-codec": {
      "version": "1.4.8",
      "resolved": "https://registry.npm.taobao.org/sourcemap-codec/download/sourcemap-codec-1.4.8.tgz",
      "integrity": "sha1-6oBL2UhXQC5pktBaOO8a41qatMQ="
    },
    "to-regex-range": {
      "version": "5.0.1",
      "resolved": "https://registry.npm.taobao.org/to-regex-range/download/to-regex-range-5.0.1.tgz",
      "integrity": "sha1-FkjESq58jZiKMmAY7XL1tN0DkuQ=",
      "dev": true,
      "requires": {
        "is-number": "^7.0.0"
      }
    },
    "tslib": {
      "version": "2.3.0",
      "resolved": "https://registry.nlark.com/tslib/download/tslib-2.3.0.tgz?cache=0&sync_timestamp=1628722580350&other_urls=https%3A%2F%2Fregistry.nlark.com%2Ftslib%2Fdownload%2Ftslib-2.3.0.tgz",
      "integrity": "sha1-gDuM2rPhK6WBpMpByIObuw2ssJ4="
    },
    "vite": {
      "version": "2.6.14",
      "resolved": "https://registry.npmmirror.com/vite/download/vite-2.6.14.tgz",
      "integrity": "sha512-2HA9xGyi+EhY2MXo0+A2dRsqsAG3eFNEVIo12olkWhOmc8LfiM+eMdrXf+Ruje9gdXgvSqjLI9freec1RUM5EA==",
      "dev": true,
      "requires": {
        "esbuild": "^0.13.2",
        "fsevents": "~2.3.2",
        "postcss": "^8.3.8",
        "resolve": "^1.20.0",
        "rollup": "^2.57.0"
      }
    },
    "vue": {
      "version": "3.2.22",
      "resolved": "https://registry.npmmirror.com/vue/download/vue-3.2.22.tgz?cache=0&sync_timestamp=1636947969556&other_urls=https%3A%2F%2Fregistry.npmmirror.com%2Fvue%2Fdownload%2Fvue-3.2.22.tgz",
      "integrity": "sha512-KD5nZpXVZquOC6926Xnp3zOvswrUyO9Rya7ZUoxWFQEjFDW4iACtwzubRB4Um2Om9kj6CaJOqAVRDSFlqLpdgw==",
      "requires": {
        "@vue/compiler-dom": "3.2.22",
        "@vue/compiler-sfc": "3.2.22",
        "@vue/runtime-dom": "3.2.22",
        "@vue/server-renderer": "3.2.22",
        "@vue/shared": "3.2.22"
      }
    },
    "vue-demi": {
      "version": "0.12.1",
      "resolved": "https://registry.npmmirror.com/vue-demi/download/vue-demi-0.12.1.tgz?cache=0&sync_timestamp=1637503318064&other_urls=https%3A%2F%2Fregistry.npmmirror.com%2Fvue-demi%2Fdownload%2Fvue-demi-0.12.1.tgz",
      "integrity": "sha1-9+GO++z/0RqwadFHLXoG4xm0F0w="
    },
    "vue-router": {
      "version": "4.0.12",
      "resolved": "https://registry.npmmirror.com/vue-router/download/vue-router-4.0.12.tgz",
      "integrity": "sha1-jceSzd9bsavMOQj5BkE23n4TxGA=",
      "requires": {
        "@vue/devtools-api": "^6.0.0-beta.18"
      }
    },
    "zrender": {
      "version": "5.2.1",
      "resolved": "https://registry.nlark.com/zrender/download/zrender-5.2.1.tgz",
      "integrity": "sha1-X0u9qRW6bUErCxncJDG+qtBUF7s=",
      "requires": {
        "tslib": "2.3.0"
      }
    }
  }
}
