# THIS IS AN AUTOGENERATED FILE. DO NOT EDIT THIS FILE DIRECTLY.
# yarn lockfile v1


"@babel/parser@^7.15.0":
  version "7.16.4"
  resolved "https://registry.npmmirror.com/@babel/parser/download/@babel/parser-7.16.4.tgz?cache=0&sync_timestamp=1637102912616&other_urls=https%3A%2F%2Fregistry.npmmirror.com%2F%40babel%2Fparser%2Fdownload%2F%40babel%2Fparser-7.16.4.tgz#d5f92f57cf2c74ffe9b37981c0e72fee7311372e"
  integrity sha512-6V0qdPUaiVHH3RtZeLIsc+6pDhbYzHR8ogA8w+f+Wc77DuXto19g2QUwveINoS34Uw+W8/hQDGJCx+i4n7xcng==

"@element-plus/icons@^0.0.11":
  version "0.0.11"
  resolved "https://registry.nlark.com/@element-plus/icons/download/@element-plus/icons-0.0.11.tgz#9b187c002774548b911850d17fa5fc2f9a515f57"
  integrity sha1-mxh8ACd0VIuRGFDRf6X8L5pRX1c=

"@popperjs/core@^2.10.2":
  version "2.10.2"
  resolved "https://registry.npmmirror.com/@popperjs/core/download/@popperjs/core-2.10.2.tgz#0798c03351f0dea1a5a4cabddf26a55a7cbee590"
  integrity sha1-B5jAM1Hw3qGlpMq93yalWny+5ZA=

"@vitejs/plugin-vue@^1.9.3":
  version "1.9.4"
  resolved "https://registry.npmmirror.com/@vitejs/plugin-vue/download/@vitejs/plugin-vue-1.9.4.tgz#4f48485432cbb986a9fb9d254dc33ce30ddccbfa"
  integrity sha1-T0hIVDLLuYap+50lTcM84w3cy/o=

"@vue/compiler-core@3.2.22":
  version "3.2.22"
  resolved "https://registry.npmmirror.com/@vue/compiler-core/download/@vue/compiler-core-3.2.22.tgz?cache=0&sync_timestamp=1636947986886&other_urls=https%3A%2F%2Fregistry.npmmirror.com%2F%40vue%2Fcompiler-core%2Fdownload%2F%40vue%2Fcompiler-core-3.2.22.tgz#5e3d3b983cc7f430ddbc6a8773c872dcf410dc89"
  integrity sha512-uAkovrVeTcjzpiM4ECmVaMrv/bjdgAaLzvjcGqQPBEyUrcqsCgccT9fHJ/+hWVGhyMahmBwLqcn4guULNx7sdw==
  dependencies:
    "@babel/parser" "^7.15.0"
    "@vue/shared" "3.2.22"
    estree-walker "^2.0.2"
    source-map "^0.6.1"

"@vue/compiler-dom@3.2.22":
  version "3.2.22"
  resolved "https://registry.npmmirror.com/@vue/compiler-dom/download/@vue/compiler-dom-3.2.22.tgz?cache=0&sync_timestamp=1636947954981&other_urls=https%3A%2F%2Fregistry.npmmirror.com%2F%40vue%2Fcompiler-dom%2Fdownload%2F%40vue%2Fcompiler-dom-3.2.22.tgz#221cc358a6c0651c04e1dd22a8470b21e56ee1a5"
  integrity sha512-VZdsw/VuO1ODs8K7NQwnMQzKITDkIFlYYC03SVnunuf6eNRxBPEonSyqbWNoo6qNaHAEBTG6VVcZC5xC9bAx1g==
  dependencies:
    "@vue/compiler-core" "3.2.22"
    "@vue/shared" "3.2.22"

"@vue/compiler-sfc@3.2.22":
  version "3.2.22"
  resolved "https://registry.npmmirror.com/@vue/compiler-sfc/download/@vue/compiler-sfc-3.2.22.tgz?cache=0&sync_timestamp=1636948004000&other_urls=https%3A%2F%2Fregistry.npmmirror.com%2F%40vue%2Fcompiler-sfc%2Fdownload%2F%40vue%2Fcompiler-sfc-3.2.22.tgz#ffd0e5e35479b6ade18d12fefec369cbaf2f7718"
  integrity sha512-tWRQ5ge1tsTDhUwHgueicKJ8rYm6WUVAPTaIpFW3GSwZKcOEJ2rXdfkHFShNVGupeRALz2ET2H84OL0GeRxY0A==
  dependencies:
    "@babel/parser" "^7.15.0"
    "@vue/compiler-core" "3.2.22"
    "@vue/compiler-dom" "3.2.22"
    "@vue/compiler-ssr" "3.2.22"
    "@vue/ref-transform" "3.2.22"
    "@vue/shared" "3.2.22"
    estree-walker "^2.0.2"
    magic-string "^0.25.7"
    postcss "^8.1.10"
    source-map "^0.6.1"

"@vue/compiler-ssr@3.2.22":
  version "3.2.22"
  resolved "https://registry.npmmirror.com/@vue/compiler-ssr/download/@vue/compiler-ssr-3.2.22.tgz?cache=0&sync_timestamp=1636948011170&other_urls=https%3A%2F%2Fregistry.npmmirror.com%2F%40vue%2Fcompiler-ssr%2Fdownload%2F%40vue%2Fcompiler-ssr-3.2.22.tgz#23552c31b76b45baf5f244713c81d77ab59447d2"
  integrity sha512-Cl6aoLJtXzzBkk1sKod8S0WBJLts3+ugVC91d22gGpbkw/64WnF12tOZi7Rg54PPLi1NovqyNWPsLH/SAFcu+w==
  dependencies:
    "@vue/compiler-dom" "3.2.22"
    "@vue/shared" "3.2.22"

"@vue/devtools-api@^6.0.0-beta.18", "@vue/devtools-api@^6.0.0-beta.20.1":
  version "6.0.0-beta.20.1"
  resolved "https://registry.npmmirror.com/@vue/devtools-api/download/@vue/devtools-api-6.0.0-beta.20.1.tgz?cache=0&sync_timestamp=1636564031997&other_urls=https%3A%2F%2Fregistry.npmmirror.com%2F%40vue%2Fdevtools-api%2Fdownload%2F%40vue%2Fdevtools-api-6.0.0-beta.20.1.tgz#5b499647e929c35baf2a66a399578f9aa4601142"
  integrity sha512-R2rfiRY+kZugzWh9ZyITaovx+jpU4vgivAEAiz80kvh3yviiTU3CBuGuyWpSwGz9/C7TkSWVM/FtQRGlZ16n8Q==

"@vue/reactivity@3.2.22":
  version "3.2.22"
  resolved "https://registry.npmmirror.com/@vue/reactivity/download/@vue/reactivity-3.2.22.tgz?cache=0&sync_timestamp=1636947968011&other_urls=https%3A%2F%2Fregistry.npmmirror.com%2F%40vue%2Freactivity%2Fdownload%2F%40vue%2Freactivity-3.2.22.tgz#88655c0b4febc561136e6550e329039f860caa0a"
  integrity sha512-xNkLAItjI0xB+lFeDgKCrSItmrHTaAzSnt8LmdSCPQnDyarmzbi/u4ESQnckWvlL7lSRKiEaOvblaNyqAa7OnQ==
  dependencies:
    "@vue/shared" "3.2.22"

"@vue/ref-transform@3.2.22":
  version "3.2.22"
  resolved "https://registry.npmmirror.com/@vue/ref-transform/download/@vue/ref-transform-3.2.22.tgz?cache=0&sync_timestamp=1636948017568&other_urls=https%3A%2F%2Fregistry.npmmirror.com%2F%40vue%2Fref-transform%2Fdownload%2F%40vue%2Fref-transform-3.2.22.tgz#16b03994eac71528cceff4cf76178ed9b44ac90a"
  integrity sha512-qalVWbq5xWWxLZ0L9OroBg/JZhzavQuCcDXblfErxyDEH6Xc5gIJ4feo1SVCICFzhAUgLgQTdSFLpgjBawbFpw==
  dependencies:
    "@babel/parser" "^7.15.0"
    "@vue/compiler-core" "3.2.22"
    "@vue/shared" "3.2.22"
    estree-walker "^2.0.2"
    magic-string "^0.25.7"

"@vue/runtime-core@3.2.22":
  version "3.2.22"
  resolved "https://registry.npmmirror.com/@vue/runtime-core/download/@vue/runtime-core-3.2.22.tgz?cache=0&sync_timestamp=1636947971870&other_urls=https%3A%2F%2Fregistry.npmmirror.com%2F%40vue%2Fruntime-core%2Fdownload%2F%40vue%2Fruntime-core-3.2.22.tgz#111f1bc97f20249e05ca2189856d99c82d72de32"
  integrity sha512-e7WOC55wmHPvmoVUk9VBe/Z9k5bJfWJfVIlkUkiADJn0bOgQD29oh/GS14Kb3aEJXIHLI17Em6+HxNut1sIh7Q==
  dependencies:
    "@vue/reactivity" "3.2.22"
    "@vue/shared" "3.2.22"

"@vue/runtime-dom@3.2.22":
  version "3.2.22"
  resolved "https://registry.npmmirror.com/@vue/runtime-dom/download/@vue/runtime-dom-3.2.22.tgz?cache=0&sync_timestamp=1636948566297&other_urls=https%3A%2F%2Fregistry.npmmirror.com%2F%40vue%2Fruntime-dom%2Fdownload%2F%40vue%2Fruntime-dom-3.2.22.tgz#c11d75dd51375ee4c74e339f6523ca05e37faa37"
  integrity sha512-w7VHYJoliLRTLc5beN77wxuOjla4v9wr2FF22xpZFYBmH4U1V7HkYhoHc1BTuNghI15CXT1tNIMhibI1nrQgdw==
  dependencies:
    "@vue/runtime-core" "3.2.22"
    "@vue/shared" "3.2.22"
    csstype "^2.6.8"

"@vue/server-renderer@3.2.22":
  version "3.2.22"
  resolved "https://registry.npmmirror.com/@vue/server-renderer/download/@vue/server-renderer-3.2.22.tgz#049c91a495cb0fcdac02dec485c31cb99410885f"
  integrity sha512-jCwbQgKPXiXoH9VS9F7K+gyEvEMrjutannwEZD1R8fQ9szmOTqC+RRbIY3Uf2ibQjZtZ8DV9a4FjxICvd9zZlQ==
  dependencies:
    "@vue/compiler-ssr" "3.2.22"
    "@vue/shared" "3.2.22"

"@vue/shared@3.2.22":
  version "3.2.22"
  resolved "https://registry.npmmirror.com/@vue/shared/download/@vue/shared-3.2.22.tgz?cache=0&sync_timestamp=1636947989012&other_urls=https%3A%2F%2Fregistry.npmmirror.com%2F%40vue%2Fshared%2Fdownload%2F%40vue%2Fshared-3.2.22.tgz#26dcbe5e530f6c1f2de5ca9aeab92ab00f523b41"
  integrity sha512-qWVav014mpjEtbWbEgl0q9pEyrrIySKum8UVYjwhC6njrKzknLZPvfuYdQyVbApsqr94tf/3dP4pCuZmmjdCWQ==

"@vueuse/core@^6.7.3":
  version "6.9.2"
  resolved "https://registry.npmmirror.com/@vueuse/core/download/@vueuse/core-6.9.2.tgz?cache=0&sync_timestamp=1637503240673&other_urls=https%3A%2F%2Fregistry.npmmirror.com%2F%40vueuse%2Fcore%2Fdownload%2F%40vueuse%2Fcore-6.9.2.tgz#76b16d01f33cf367dd1a2d7f2e31d106443ceb8a"
  integrity sha512-FRwl4ccSFuHZBHLGgS9TMv/+Dd6XFaL4o9nph2qtgQIV+z29RBFokw08XjHfykiENRzB01MjYHJ7iRUnsIFQXg==
  dependencies:
    "@vueuse/shared" "6.9.2"
    vue-demi "*"

"@vueuse/shared@6.9.2":
  version "6.9.2"
  resolved "https://registry.npmmirror.com/@vueuse/shared/download/@vueuse/shared-6.9.2.tgz#97e4369fa7262ebc96fe1d6e210268f30b037005"
  integrity sha512-lAiMh6XROs0kSKVd0Yb/6GKoQMxC1fYrFDi6opvQWISPtcqRNluRrQxLUZ3WTI78ovtoKRLktjhkFAtydcfFDg==
  dependencies:
    vue-demi "*"

anymatch@~3.1.2:
  version "3.1.2"
  resolved "https://registry.nlark.com/anymatch/download/anymatch-3.1.2.tgz#c0557c096af32f106198f4f4e2a383537e378716"
  integrity sha1-wFV8CWrzLxBhmPT04qODU343hxY=
  dependencies:
    normalize-path "^3.0.0"
    picomatch "^2.0.4"

async-validator@^4.0.7:
  version "4.0.7"
  resolved "https://registry.npmmirror.com/async-validator/download/async-validator-4.0.7.tgz?cache=0&sync_timestamp=1634529574100&other_urls=https%3A%2F%2Fregistry.npmmirror.com%2Fasync-validator%2Fdownload%2Fasync-validator-4.0.7.tgz#034a0fd2103a6b2ebf010da75183bec299247afe"
  integrity sha1-A0oP0hA6ay6/AQ2nUYO+wpkkev4=

axios@^0.24.0:
  version "0.24.0"
  resolved "https://registry.npmmirror.com/axios/download/axios-0.24.0.tgz?cache=0&sync_timestamp=1635213986012&other_urls=https%3A%2F%2Fregistry.npmmirror.com%2Faxios%2Fdownload%2Faxios-0.24.0.tgz#804e6fa1e4b9c5288501dd9dff56a7a0940d20d6"
  integrity sha1-gE5voeS5xSiFAd2d/1anoJQNINY=
  dependencies:
    follow-redirects "^1.14.4"

binary-extensions@^2.0.0:
  version "2.2.0"
  resolved "https://registry.nlark.com/binary-extensions/download/binary-extensions-2.2.0.tgz#75f502eeaf9ffde42fc98829645be4ea76bd9e2d"
  integrity sha1-dfUC7q+f/eQvyYgpZFvk6na9ni0=

braces@~3.0.2:
  version "3.0.2"
  resolved "https://registry.nlark.com/braces/download/braces-3.0.2.tgz#3454e1a462ee8d599e236df336cd9ea4f8afe107"
  integrity sha1-NFThpGLujVmeI23zNs2epPiv4Qc=
  dependencies:
    fill-range "^7.0.1"

"chokidar@>=3.0.0 <4.0.0":
  version "3.5.2"
  resolved "https://registry.npmmirror.com/chokidar/download/chokidar-3.5.2.tgz#dba3976fcadb016f66fd365021d91600d01c1e75"
  integrity sha1-26OXb8rbAW9m/TZQIdkWANAcHnU=
  dependencies:
    anymatch "~3.1.2"
    braces "~3.0.2"
    glob-parent "~5.1.2"
    is-binary-path "~2.1.0"
    is-glob "~4.0.1"
    normalize-path "~3.0.0"
    readdirp "~3.6.0"
  optionalDependencies:
    fsevents "~2.3.2"

commander@^2.20.3:
  version "2.20.3"
  resolved "https://registry.npmmirror.com/commander/download/commander-2.20.3.tgz?cache=0&sync_timestamp=1634886396986&other_urls=https%3A%2F%2Fregistry.npmmirror.com%2Fcommander%2Fdownload%2Fcommander-2.20.3.tgz#fd485e84c03eb4881c20722ba48035e8531aeb33"
  integrity sha1-/UhehMA+tIgcIHIrpIA16FMa6zM=

cssfilter@0.0.10:
  version "0.0.10"
  resolved "https://registry.nlark.com/cssfilter/download/cssfilter-0.0.10.tgz#c6d2672632a2e5c83e013e6864a42ce8defd20ae"
  integrity sha1-xtJnJjKi5cg+AT5oZKQs6N79IK4=

csstype@^2.6.8:
  version "2.6.19"
  resolved "https://registry.npmmirror.com/csstype/download/csstype-2.6.19.tgz?cache=0&other_urls=https%3A%2F%2Fregistry.npmmirror.com%2Fcsstype%2Fdownload%2Fcsstype-2.6.19.tgz#feeb5aae89020bb389e1f63669a5ed490e391caa"
  integrity sha512-ZVxXaNy28/k3kJg0Fou5MiYpp88j7H9hLZp8PDC3jV0WFjfH5E9xHb56L0W59cPbKbcHXeP4qyT8PrHp8t6LcQ==

dayjs@^1.10.7:
  version "1.10.7"
  resolved "https://registry.nlark.com/dayjs/download/dayjs-1.10.7.tgz#2cf5f91add28116748440866a0a1d26f3a6ce468"
  integrity sha1-LPX5Gt0oEWdIRAhmoKHSbzps5Gg=

echarts@^5.2.2:
  version "5.2.2"
  resolved "https://registry.npmmirror.com/echarts/download/echarts-5.2.2.tgz#ec3c8b2a151cbba71ba3c2c7cf9b2f2047ce4370"
  integrity sha1-7DyLKhUcu6cbo8LHz5svIEfOQ3A=
  dependencies:
    tslib "2.3.0"
    zrender "5.2.1"

element-plus@^1.2.0-beta.3:
  version "1.2.0-beta.3"
  resolved "https://registry.npmmirror.com/element-plus/download/element-plus-1.2.0-beta.3.tgz?cache=0&sync_timestamp=1636430308477&other_urls=https%3A%2F%2Fregistry.npmmirror.com%2Felement-plus%2Fdownload%2Felement-plus-1.2.0-beta.3.tgz#0ded059e6c8ddc6f5d9dcdf32e1b7ed44ac38099"
  integrity sha512-vvUxR3uL2k9K+WCWz/98hq4uPQ6jvfGf0hfzWvao7pySJkNQq9DtRPC6/4/zUceA/J6Y2Yo3xSbR19JRCwurRw==
  dependencies:
    "@element-plus/icons" "^0.0.11"
    "@popperjs/core" "^2.10.2"
    "@vueuse/core" "^6.7.3"
    async-validator "^4.0.7"
    dayjs "^1.10.7"
    lodash "^4.17.21"
    memoize-one "^6.0.0"
    normalize-wheel-es "^1.1.0"

esbuild-android-arm64@0.13.15:
  version "0.13.15"
  resolved "https://registry.npmmirror.com/esbuild-android-arm64/download/esbuild-android-arm64-0.13.15.tgz?cache=0&sync_timestamp=1637462928775&other_urls=https%3A%2F%2Fregistry.npmmirror.com%2Fesbuild-android-arm64%2Fdownload%2Fesbuild-android-arm64-0.13.15.tgz#3fc3ff0bab76fe35dd237476b5d2b32bb20a3d44"
  integrity sha512-m602nft/XXeO8YQPUDVoHfjyRVPdPgjyyXOxZ44MK/agewFFkPa8tUo6lAzSWh5Ui5PB4KR9UIFTSBKh/RrCmg==

esbuild-darwin-64@0.13.15:
  version "0.13.15"
  resolved "https://registry.npmmirror.com/esbuild-darwin-64/download/esbuild-darwin-64-0.13.15.tgz#8e9169c16baf444eacec60d09b24d11b255a8e72"
  integrity sha512-ihOQRGs2yyp7t5bArCwnvn2Atr6X4axqPpEdCFPVp7iUj4cVSdisgvEKdNR7yH3JDjW6aQDw40iQFoTqejqxvQ==

esbuild-darwin-arm64@0.13.15:
  version "0.13.15"
  resolved "https://registry.npmmirror.com/esbuild-darwin-arm64/download/esbuild-darwin-arm64-0.13.15.tgz?cache=0&sync_timestamp=1637431975641&other_urls=https%3A%2F%2Fregistry.npmmirror.com%2Fesbuild-darwin-arm64%2Fdownload%2Fesbuild-darwin-arm64-0.13.15.tgz#1b07f893b632114f805e188ddfca41b2b778229a"
  integrity sha512-i1FZssTVxUqNlJ6cBTj5YQj4imWy3m49RZRnHhLpefFIh0To05ow9DTrXROTE1urGTQCloFUXTX8QfGJy1P8dQ==

esbuild-freebsd-64@0.13.15:
  version "0.13.15"
  resolved "https://registry.npmmirror.com/esbuild-freebsd-64/download/esbuild-freebsd-64-0.13.15.tgz?cache=0&sync_timestamp=1637498589376&other_urls=https%3A%2F%2Fregistry.npmmirror.com%2Fesbuild-freebsd-64%2Fdownload%2Fesbuild-freebsd-64-0.13.15.tgz#0b8b7eca1690c8ec94c75680c38c07269c1f4a85"
  integrity sha512-G3dLBXUI6lC6Z09/x+WtXBXbOYQZ0E8TDBqvn7aMaOCzryJs8LyVXKY4CPnHFXZAbSwkCbqiPuSQ1+HhrNk7EA==

esbuild-freebsd-arm64@0.13.15:
  version "0.13.15"
  resolved "https://registry.npmmirror.com/esbuild-freebsd-arm64/download/esbuild-freebsd-arm64-0.13.15.tgz?cache=0&sync_timestamp=1637431973102&other_urls=https%3A%2F%2Fregistry.npmmirror.com%2Fesbuild-freebsd-arm64%2Fdownload%2Fesbuild-freebsd-arm64-0.13.15.tgz#2e1a6c696bfdcd20a99578b76350b41db1934e52"
  integrity sha512-KJx0fzEDf1uhNOZQStV4ujg30WlnwqUASaGSFPhznLM/bbheu9HhqZ6mJJZM32lkyfGJikw0jg7v3S0oAvtvQQ==

esbuild-linux-32@0.13.15:
  version "0.13.15"
  resolved "https://registry.npmmirror.com/esbuild-linux-32/download/esbuild-linux-32-0.13.15.tgz?cache=0&sync_timestamp=1637431975048&other_urls=https%3A%2F%2Fregistry.npmmirror.com%2Fesbuild-linux-32%2Fdownload%2Fesbuild-linux-32-0.13.15.tgz#6fd39f36fc66dd45b6b5f515728c7bbebc342a69"
  integrity sha512-ZvTBPk0YWCLMCXiFmD5EUtB30zIPvC5Itxz0mdTu/xZBbbHJftQgLWY49wEPSn2T/TxahYCRDWun5smRa0Tu+g==

esbuild-linux-64@0.13.15:
  version "0.13.15"
  resolved "https://registry.npmmirror.com/esbuild-linux-64/download/esbuild-linux-64-0.13.15.tgz?cache=0&sync_timestamp=1637431974551&other_urls=https%3A%2F%2Fregistry.npmmirror.com%2Fesbuild-linux-64%2Fdownload%2Fesbuild-linux-64-0.13.15.tgz#9cb8e4bcd7574e67946e4ee5f1f1e12386bb6dd3"
  integrity sha512-eCKzkNSLywNeQTRBxJRQ0jxRCl2YWdMB3+PkWFo2BBQYC5mISLIVIjThNtn6HUNqua1pnvgP5xX0nHbZbPj5oA==

esbuild-linux-arm64@0.13.15:
  version "0.13.15"
  resolved "https://registry.npmmirror.com/esbuild-linux-arm64/download/esbuild-linux-arm64-0.13.15.tgz?cache=0&sync_timestamp=1637498588090&other_urls=https%3A%2F%2Fregistry.npmmirror.com%2Fesbuild-linux-arm64%2Fdownload%2Fesbuild-linux-arm64-0.13.15.tgz#3891aa3704ec579a1b92d2a586122e5b6a2bfba1"
  integrity sha512-bYpuUlN6qYU9slzr/ltyLTR9YTBS7qUDymO8SV7kjeNext61OdmqFAzuVZom+OLW1HPHseBfJ/JfdSlx8oTUoA==

esbuild-linux-arm@0.13.15:
  version "0.13.15"
  resolved "https://registry.npmmirror.com/esbuild-linux-arm/download/esbuild-linux-arm-0.13.15.tgz?cache=0&sync_timestamp=1637431973576&other_urls=https%3A%2F%2Fregistry.npmmirror.com%2Fesbuild-linux-arm%2Fdownload%2Fesbuild-linux-arm-0.13.15.tgz#8a00e99e6a0c6c9a6b7f334841364d8a2b4aecfe"
  integrity sha512-wUHttDi/ol0tD8ZgUMDH8Ef7IbDX+/UsWJOXaAyTdkT7Yy9ZBqPg8bgB/Dn3CZ9SBpNieozrPRHm0BGww7W/jA==

esbuild-linux-mips64le@0.13.15:
  version "0.13.15"
  resolved "https://registry.npmmirror.com/esbuild-linux-mips64le/download/esbuild-linux-mips64le-0.13.15.tgz?cache=0&sync_timestamp=1637498590849&other_urls=https%3A%2F%2Fregistry.npmmirror.com%2Fesbuild-linux-mips64le%2Fdownload%2Fesbuild-linux-mips64le-0.13.15.tgz#36b07cc47c3d21e48db3bb1f4d9ef8f46aead4f7"
  integrity sha512-KlVjIG828uFPyJkO/8gKwy9RbXhCEUeFsCGOJBepUlpa7G8/SeZgncUEz/tOOUJTcWMTmFMtdd3GElGyAtbSWg==

esbuild-linux-ppc64le@0.13.15:
  version "0.13.15"
  resolved "https://registry.npmmirror.com/esbuild-linux-ppc64le/download/esbuild-linux-ppc64le-0.13.15.tgz?cache=0&sync_timestamp=1637462927819&other_urls=https%3A%2F%2Fregistry.npmmirror.com%2Fesbuild-linux-ppc64le%2Fdownload%2Fesbuild-linux-ppc64le-0.13.15.tgz#f7e6bba40b9a11eb9dcae5b01550ea04670edad2"
  integrity sha512-h6gYF+OsaqEuBjeesTBtUPw0bmiDu7eAeuc2OEH9S6mV9/jPhPdhOWzdeshb0BskRZxPhxPOjqZ+/OqLcxQwEQ==

esbuild-netbsd-64@0.13.15:
  version "0.13.15"
  resolved "https://registry.npmmirror.com/esbuild-netbsd-64/download/esbuild-netbsd-64-0.13.15.tgz?cache=0&sync_timestamp=1637431972651&other_urls=https%3A%2F%2Fregistry.npmmirror.com%2Fesbuild-netbsd-64%2Fdownload%2Fesbuild-netbsd-64-0.13.15.tgz#a2fedc549c2b629d580a732d840712b08d440038"
  integrity sha512-3+yE9emwoevLMyvu+iR3rsa+Xwhie7ZEHMGDQ6dkqP/ndFzRHkobHUKTe+NCApSqG5ce2z4rFu+NX/UHnxlh3w==

esbuild-openbsd-64@0.13.15:
  version "0.13.15"
  resolved "https://registry.npmmirror.com/esbuild-openbsd-64/download/esbuild-openbsd-64-0.13.15.tgz?cache=0&sync_timestamp=1637462928360&other_urls=https%3A%2F%2Fregistry.npmmirror.com%2Fesbuild-openbsd-64%2Fdownload%2Fesbuild-openbsd-64-0.13.15.tgz#b22c0e5806d3a1fbf0325872037f885306b05cd7"
  integrity sha512-wTfvtwYJYAFL1fSs8yHIdf5GEE4NkbtbXtjLWjM3Cw8mmQKqsg8kTiqJ9NJQe5NX/5Qlo7Xd9r1yKMMkHllp5g==

esbuild-sunos-64@0.13.15:
  version "0.13.15"
  resolved "https://registry.npmmirror.com/esbuild-sunos-64/download/esbuild-sunos-64-0.13.15.tgz?cache=0&sync_timestamp=1637498592154&other_urls=https%3A%2F%2Fregistry.npmmirror.com%2Fesbuild-sunos-64%2Fdownload%2Fesbuild-sunos-64-0.13.15.tgz#d0b6454a88375ee8d3964daeff55c85c91c7cef4"
  integrity sha512-lbivT9Bx3t1iWWrSnGyBP9ODriEvWDRiweAs69vI+miJoeKwHWOComSRukttbuzjZ8r1q0mQJ8Z7yUsDJ3hKdw==

esbuild-windows-32@0.13.15:
  version "0.13.15"
  resolved "https://registry.npmmirror.com/esbuild-windows-32/download/esbuild-windows-32-0.13.15.tgz?cache=0&sync_timestamp=1637431973997&other_urls=https%3A%2F%2Fregistry.npmmirror.com%2Fesbuild-windows-32%2Fdownload%2Fesbuild-windows-32-0.13.15.tgz#c96d0b9bbb52f3303322582ef8e4847c5ad375a7"
  integrity sha512-fDMEf2g3SsJ599MBr50cY5ve5lP1wyVwTe6aLJsM01KtxyKkB4UT+fc5MXQFn3RLrAIAZOG+tHC+yXObpSn7Nw==

esbuild-windows-64@0.13.15:
  version "0.13.15"
  resolved "https://registry.npmmirror.com/esbuild-windows-64/download/esbuild-windows-64-0.13.15.tgz?cache=0&sync_timestamp=1637462927131&other_urls=https%3A%2F%2Fregistry.npmmirror.com%2Fesbuild-windows-64%2Fdownload%2Fesbuild-windows-64-0.13.15.tgz#1f79cb9b1e1bb02fb25cd414cb90d4ea2892c294"
  integrity sha512-9aMsPRGDWCd3bGjUIKG/ZOJPKsiztlxl/Q3C1XDswO6eNX/Jtwu4M+jb6YDH9hRSUflQWX0XKAfWzgy5Wk54JQ==

esbuild-windows-arm64@0.13.15:
  version "0.13.15"
  resolved "https://registry.npmmirror.com/esbuild-windows-arm64/download/esbuild-windows-arm64-0.13.15.tgz?cache=0&sync_timestamp=1637431971733&other_urls=https%3A%2F%2Fregistry.npmmirror.com%2Fesbuild-windows-arm64%2Fdownload%2Fesbuild-windows-arm64-0.13.15.tgz#482173070810df22a752c686509c370c3be3b3c3"
  integrity sha512-zzvyCVVpbwQQATaf3IG8mu1IwGEiDxKkYUdA4FpoCHi1KtPa13jeScYDjlW0Qh+ebWzpKfR2ZwvqAQkSWNcKjA==

esbuild@^0.13.2:
  version "0.13.15"
  resolved "https://registry.npmmirror.com/esbuild/download/esbuild-0.13.15.tgz?cache=0&sync_timestamp=1637431976821&other_urls=https%3A%2F%2Fregistry.npmmirror.com%2Fesbuild%2Fdownload%2Fesbuild-0.13.15.tgz#db56a88166ee373f87dbb2d8798ff449e0450cdf"
  integrity sha512-raCxt02HBKv8RJxE8vkTSCXGIyKHdEdGfUmiYb8wnabnaEmHzyW7DCHb5tEN0xU8ryqg5xw54mcwnYkC4x3AIw==
  optionalDependencies:
    esbuild-android-arm64 "0.13.15"
    esbuild-darwin-64 "0.13.15"
    esbuild-darwin-arm64 "0.13.15"
    esbuild-freebsd-64 "0.13.15"
    esbuild-freebsd-arm64 "0.13.15"
    esbuild-linux-32 "0.13.15"
    esbuild-linux-64 "0.13.15"
    esbuild-linux-arm "0.13.15"
    esbuild-linux-arm64 "0.13.15"
    esbuild-linux-mips64le "0.13.15"
    esbuild-linux-ppc64le "0.13.15"
    esbuild-netbsd-64 "0.13.15"
    esbuild-openbsd-64 "0.13.15"
    esbuild-sunos-64 "0.13.15"
    esbuild-windows-32 "0.13.15"
    esbuild-windows-64 "0.13.15"
    esbuild-windows-arm64 "0.13.15"

estree-walker@^2.0.2:
  version "2.0.2"
  resolved "https://registry.nlark.com/estree-walker/download/estree-walker-2.0.2.tgz#52f010178c2a4c117a7757cfe942adb7d2da4cac"
  integrity sha1-UvAQF4wqTBF6d1fP6UKtt9LaTKw=

fill-range@^7.0.1:
  version "7.0.1"
  resolved "https://registry.nlark.com/fill-range/download/fill-range-7.0.1.tgz#1919a6a7c75fe38b2c7c77e5198535da9acdda40"
  integrity sha1-GRmmp8df44ssfHflGYU12prN2kA=
  dependencies:
    to-regex-range "^5.0.1"

follow-redirects@^1.14.4:
  version "1.14.5"
  resolved "https://registry.npmmirror.com/follow-redirects/download/follow-redirects-1.14.5.tgz#f09a5848981d3c772b5392309778523f8d85c381"
  integrity sha1-8JpYSJgdPHcrU5Iwl3hSP42Fw4E=

fsevents@~2.3.2:
  version "2.3.2"
  resolved "https://registry.npmmirror.com/fsevents/download/fsevents-2.3.2.tgz#8a526f78b8fdf4623b709e0b975c52c24c02fd1a"
  integrity sha1-ilJveLj99GI7cJ4Ll1xSwkwC/Ro=

function-bind@^1.1.1:
  version "1.1.1"
  resolved "https://registry.npm.taobao.org/function-bind/download/function-bind-1.1.1.tgz#a56899d3ea3c9bab874bb9773b7c5ede92f4895d"
  integrity sha1-pWiZ0+o8m6uHS7l3O3xe3pL0iV0=

glob-parent@~5.1.2:
  version "5.1.2"
  resolved "https://registry.npmmirror.com/glob-parent/download/glob-parent-5.1.2.tgz#869832c58034fe68a4093c17dc15e8340d8401c4"
  integrity sha1-hpgyxYA0/mikCTwX3BXoNA2EAcQ=
  dependencies:
    is-glob "^4.0.1"

has@^1.0.3:
  version "1.0.3"
  resolved "https://registry.nlark.com/has/download/has-1.0.3.tgz#722d7cbfc1f6aa8241f16dd814e011e1f41e8796"
  integrity sha1-ci18v8H2qoJB8W3YFOAR4fQeh5Y=
  dependencies:
    function-bind "^1.1.1"

highlight.js-async-webpack@^1.0.4:
  version "1.0.4"
  resolved "https://registry.nlark.com/highlight.js-async-webpack/download/highlight.js-async-webpack-1.0.4.tgz#c06b67bf99f049045d62b756e5855b0912ec616c"
  integrity sha1-wGtnv5nwSQRdYrdW5YVbCRLsYWw=

highlight.js@^11.3.1:
  version "11.3.1"
  resolved "https://registry.npmmirror.com/highlight.js/download/highlight.js-11.3.1.tgz#813078ef3aa519c61700f84fe9047231c5dc3291"
  integrity sha1-gTB47zqlGcYXAPhP6QRyMcXcMpE=

highlight.js@^9.11.0:
  version "9.18.5"
  resolved "https://registry.npmmirror.com/highlight.js/download/highlight.js-9.18.5.tgz#d18a359867f378c138d6819edfc2a8acd5f29825"
  integrity sha1-0Yo1mGfzeME41oGe38KorNXymCU=

is-binary-path@~2.1.0:
  version "2.1.0"
  resolved "https://registry.nlark.com/is-binary-path/download/is-binary-path-2.1.0.tgz#ea1f7f3b80f064236e83470f86c09c254fb45b09"
  integrity sha1-6h9/O4DwZCNug0cPhsCcJU+0Wwk=
  dependencies:
    binary-extensions "^2.0.0"

is-core-module@^2.2.0:
  version "2.8.0"
  resolved "https://registry.npmmirror.com/is-core-module/download/is-core-module-2.8.0.tgz?cache=0&sync_timestamp=1634236702465&other_urls=https%3A%2F%2Fregistry.npmmirror.com%2Fis-core-module%2Fdownload%2Fis-core-module-2.8.0.tgz#0321336c3d0925e497fd97f5d95cb114a5ccd548"
  integrity sha1-AyEzbD0JJeSX/Zf12VyxFKXM1Ug=
  dependencies:
    has "^1.0.3"

is-extglob@^2.1.1:
  version "2.1.1"
  resolved "https://registry.npm.taobao.org/is-extglob/download/is-extglob-2.1.1.tgz#a88c02535791f02ed37c76a1b9ea9773c833f8c2"
  integrity sha1-qIwCU1eR8C7TfHahueqXc8gz+MI=

is-glob@^4.0.1, is-glob@~4.0.1:
  version "4.0.3"
  resolved "https://registry.npmmirror.com/is-glob/download/is-glob-4.0.3.tgz?cache=0&sync_timestamp=1632934586547&other_urls=https%3A%2F%2Fregistry.npmmirror.com%2Fis-glob%2Fdownload%2Fis-glob-4.0.3.tgz#64f61e42cbbb2eec2071a9dac0b28ba1e65d5084"
  integrity sha1-ZPYeQsu7LuwgcanawLKLoeZdUIQ=
  dependencies:
    is-extglob "^2.1.1"

is-number@^7.0.0:
  version "7.0.0"
  resolved "https://registry.nlark.com/is-number/download/is-number-7.0.0.tgz#7535345b896734d5f80c4d06c50955527a14f12b"
  integrity sha1-dTU0W4lnNNX4DE0GxQlVUnoU8Ss=

klona@^2.0.4:
  version "2.0.5"
  resolved "https://registry.npmmirror.com/klona/download/klona-2.0.5.tgz?cache=0&sync_timestamp=1635385383825&other_urls=https%3A%2F%2Fregistry.npmmirror.com%2Fklona%2Fdownload%2Fklona-2.0.5.tgz#d166574d90076395d9963aa7a928fabb8d76afbc"
  integrity sha1-0WZXTZAHY5XZljqnqSj6u412r7w=

lodash@^4.17.21:
  version "4.17.21"
  resolved "https://registry.npm.taobao.org/lodash/download/lodash-4.17.21.tgz#679591c564c3bffaae8454cf0b3df370c3d6911c"
  integrity sha1-Z5WRxWTDv/quhFTPCz3zcMPWkRw=

magic-string@^0.25.7:
  version "0.25.7"
  resolved "https://registry.nlark.com/magic-string/download/magic-string-0.25.7.tgz#3f497d6fd34c669c6798dcb821f2ef31f5445051"
  integrity sha1-P0l9b9NMZpxnmNy4IfLvMfVEUFE=
  dependencies:
    sourcemap-codec "^1.4.4"

marked@^4.0.5:
  version "4.0.5"
  resolved "https://registry.npmmirror.com/marked/download/marked-4.0.5.tgz#85f46937f6a4616de7cbe0e1433e1640c320c729"
  integrity sha512-eUToMA5d5lunnipkCN7zFD0RiunCF2Uo6bImEt/Qx8LZMW7oPXTw7R+f+M5V3eS7164HjEDPfW8/TrefuFhDfw==

mavon-editor@^3.0.0-beta:
  version "3.0.0-beta"
  resolved "https://registry.npmmirror.com/mavon-editor/download/mavon-editor-3.0.0-beta.tgz#47073f7daaf7e1bf1e265ed97055a69f3b65fcba"
  integrity sha512-cmGKbkgrlvFtrhEVyEUIO2X30R+0p0cWpWcYZ97p2E7zn5flKakgv3gq/4mrzjb6UTmhUiHis38k+a6fP6XUEQ==
  dependencies:
    highlight.js "^9.11.0"
    highlight.js-async-webpack "^1.0.4"
    xss "^1.0.6"

memoize-one@^6.0.0:
  version "6.0.0"
  resolved "https://registry.npmmirror.com/memoize-one/download/memoize-one-6.0.0.tgz?cache=0&sync_timestamp=1634697208428&other_urls=https%3A%2F%2Fregistry.npmmirror.com%2Fmemoize-one%2Fdownload%2Fmemoize-one-6.0.0.tgz#b2591b871ed82948aee4727dc6abceeeac8c1045"
  integrity sha1-slkbhx7YKUiu5HJ9xqvO7qyMEEU=

nanoid@^3.1.30:
  version "3.1.30"
  resolved "https://registry.npmmirror.com/nanoid/download/nanoid-3.1.30.tgz#63f93cc548d2a113dc5dfbc63bfa09e2b9b64362"
  integrity sha1-Y/k8xUjSoRPcXfvGO/oJ4rm2Q2I=

neo-async@^2.6.2:
  version "2.6.2"
  resolved "https://registry.nlark.com/neo-async/download/neo-async-2.6.2.tgz#b4aafb93e3aeb2d8174ca53cf163ab7d7308305f"
  integrity sha1-tKr7k+OustgXTKU88WOrfXMIMF8=

normalize-path@^3.0.0, normalize-path@~3.0.0:
  version "3.0.0"
  resolved "https://registry.nlark.com/normalize-path/download/normalize-path-3.0.0.tgz#0dcd69ff23a1c9b11fd0978316644a0388216a65"
  integrity sha1-Dc1p/yOhybEf0JeDFmRKA4ghamU=

normalize-wheel-es@^1.1.0:
  version "1.1.1"
  resolved "https://registry.npmmirror.com/normalize-wheel-es/download/normalize-wheel-es-1.1.1.tgz#a8096db6a56f94332d884fd8ebeda88f2fc79569"
  integrity sha1-qAlttqVvlDMtiE/Y6+2ojy/HlWk=

path-parse@^1.0.6:
  version "1.0.7"
  resolved "https://registry.nlark.com/path-parse/download/path-parse-1.0.7.tgz#fbc114b60ca42b30d9daf5858e4bd68bbedb6735"
  integrity sha1-+8EUtgykKzDZ2vWFjkvWi77bZzU=

picocolors@^1.0.0:
  version "1.0.0"
  resolved "https://registry.npmmirror.com/picocolors/download/picocolors-1.0.0.tgz?cache=0&sync_timestamp=1634093339035&other_urls=https%3A%2F%2Fregistry.npmmirror.com%2Fpicocolors%2Fdownload%2Fpicocolors-1.0.0.tgz#cb5bdc74ff3f51892236eaf79d68bc44564ab81c"
  integrity sha1-y1vcdP8/UYkiNur3nWi8RFZKuBw=

picomatch@^2.0.4, picomatch@^2.2.1:
  version "2.3.0"
  resolved "https://registry.nlark.com/picomatch/download/picomatch-2.3.0.tgz?cache=0&other_urls=https%3A%2F%2Fregistry.nlark.com%2Fpicomatch%2Fdownload%2Fpicomatch-2.3.0.tgz#f1f061de8f6a4bf022892e2d128234fb98302972"
  integrity sha1-8fBh3o9qS/AiiS4tEoI0+5gwKXI=

pinia@^2.0.4:
  version "2.0.4"
  resolved "https://registry.npmmirror.com/pinia/download/pinia-2.0.4.tgz?cache=0&sync_timestamp=1637316117265&other_urls=https%3A%2F%2Fregistry.npmmirror.com%2Fpinia%2Fdownload%2Fpinia-2.0.4.tgz#06f6a03f6f19e6ec8b63cc06459011d96948e53d"
  integrity sha512-nAc2f9HmOcBbWRlnGDuBGedM1G6uFAR10FnJWP1/dgm1I2tM5jbgKL/3IgynP4mBnPCy//ky7g0WpCZl5Mmxsg==
  dependencies:
    "@vue/devtools-api" "^6.0.0-beta.20.1"
    vue-demi "*"

postcss@^8.1.10, postcss@^8.3.11, postcss@^8.3.8:
  version "8.3.11"
  resolved "https://registry.npmmirror.com/postcss/download/postcss-8.3.11.tgz?cache=0&sync_timestamp=1634821212090&other_urls=https%3A%2F%2Fregistry.npmmirror.com%2Fpostcss%2Fdownload%2Fpostcss-8.3.11.tgz#c3beca7ea811cd5e1c4a3ec6d2e7599ef1f8f858"
  integrity sha1-w77KfqgRzV4cSj7G0udZnvH4+Fg=
  dependencies:
    nanoid "^3.1.30"
    picocolors "^1.0.0"
    source-map-js "^0.6.2"

readdirp@~3.6.0:
  version "3.6.0"
  resolved "https://registry.nlark.com/readdirp/download/readdirp-3.6.0.tgz#74a370bd857116e245b29cc97340cd431a02a6c7"
  integrity sha1-dKNwvYVxFuJFspzJc0DNQxoCpsc=
  dependencies:
    picomatch "^2.2.1"

resolve@^1.20.0:
  version "1.20.0"
  resolved "https://registry.nlark.com/resolve/download/resolve-1.20.0.tgz#629a013fb3f70755d6f0b7935cc1c2c5378b1975"
  integrity sha1-YpoBP7P3B1XW8LeTXMHCxTeLGXU=
  dependencies:
    is-core-module "^2.2.0"
    path-parse "^1.0.6"

rollup@^2.57.0:
  version "2.60.0"
  resolved "https://registry.npmmirror.com/rollup/download/rollup-2.60.0.tgz?cache=0&sync_timestamp=1636694225026&other_urls=https%3A%2F%2Fregistry.npmmirror.com%2Frollup%2Fdownload%2Frollup-2.60.0.tgz#4ee60ab7bdd0356763f87d7099f413e5460fc193"
  integrity sha512-cHdv9GWd58v58rdseC8e8XIaPUo8a9cgZpnCMMDGZFDZKEODOiPPEQFXLriWr/TjXzhPPmG5bkAztPsOARIcGQ==
  optionalDependencies:
    fsevents "~2.3.2"

sass-loader@^12.3.0:
  version "12.3.0"
  resolved "https://registry.npmmirror.com/sass-loader/download/sass-loader-12.3.0.tgz#93278981c189c36a58cbfc37d4b9cef0cdc02871"
  integrity sha1-kyeJgcGJw2pYy/w31LnO8M3AKHE=
  dependencies:
    klona "^2.0.4"
    neo-async "^2.6.2"

sass@^1.43.4:
  version "1.43.4"
  resolved "https://registry.npmmirror.com/sass/download/sass-1.43.4.tgz#68c7d6a1b004bef49af0d9caf750e9b252105d1f"
  integrity sha1-aMfWobAEvvSa8NnK91DpslIQXR8=
  dependencies:
    chokidar ">=3.0.0 <4.0.0"

source-map-js@^0.6.2:
  version "0.6.2"
  resolved "https://registry.npmmirror.com/source-map-js/download/source-map-js-0.6.2.tgz?cache=0&sync_timestamp=1636400915509&other_urls=https%3A%2F%2Fregistry.npmmirror.com%2Fsource-map-js%2Fdownload%2Fsource-map-js-0.6.2.tgz#0bb5de631b41cfbda6cfba8bd05a80efdfd2385e"
  integrity sha1-C7XeYxtBz72mz7qL0FqA79/SOF4=

source-map@^0.6.1:
  version "0.6.1"
  resolved "https://registry.npm.taobao.org/source-map/download/source-map-0.6.1.tgz#74722af32e9614e9c287a8d0bbde48b5e2f1a263"
  integrity sha1-dHIq8y6WFOnCh6jQu95IteLxomM=

sourcemap-codec@^1.4.4:
  version "1.4.8"
  resolved "https://registry.nlark.com/sourcemap-codec/download/sourcemap-codec-1.4.8.tgz#ea804bd94857402e6992d05a38ef1ae35a9ab4c4"
  integrity sha1-6oBL2UhXQC5pktBaOO8a41qatMQ=

to-regex-range@^5.0.1:
  version "5.0.1"
  resolved "https://registry.nlark.com/to-regex-range/download/to-regex-range-5.0.1.tgz#1648c44aae7c8d988a326018ed72f5b4dd0392e4"
  integrity sha1-FkjESq58jZiKMmAY7XL1tN0DkuQ=
  dependencies:
    is-number "^7.0.0"

tslib@2.3.0:
  version "2.3.0"
  resolved "https://registry.nlark.com/tslib/download/tslib-2.3.0.tgz#803b8cdab3e12ba581a4ca41c8839bbb0dacb09e"
  integrity sha1-gDuM2rPhK6WBpMpByIObuw2ssJ4=

vite@^2.6.4:
  version "2.6.14"
  resolved "https://registry.npmmirror.com/vite/download/vite-2.6.14.tgz#35c09a15e4df823410819a2a239ab11efb186271"
  integrity sha512-2HA9xGyi+EhY2MXo0+A2dRsqsAG3eFNEVIo12olkWhOmc8LfiM+eMdrXf+Ruje9gdXgvSqjLI9freec1RUM5EA==
  dependencies:
    esbuild "^0.13.2"
    postcss "^8.3.8"
    resolve "^1.20.0"
    rollup "^2.57.0"
  optionalDependencies:
    fsevents "~2.3.2"

vue-demi@*:
  version "0.12.1"
  resolved "https://registry.npmmirror.com/vue-demi/download/vue-demi-0.12.1.tgz#f7e18efbecffd11ab069d1472d7a06e319b4174c"
  integrity sha1-9+GO++z/0RqwadFHLXoG4xm0F0w=

vue-router@4:
  version "4.0.12"
  resolved "https://registry.npmmirror.com/vue-router/download/vue-router-4.0.12.tgz#8dc792cddf5bb1abcc3908f9064136de7e13c460"
  integrity sha1-jceSzd9bsavMOQj5BkE23n4TxGA=
  dependencies:
    "@vue/devtools-api" "^6.0.0-beta.18"

vue@^3.2.16:
  version "3.2.22"
  resolved "https://registry.npmmirror.com/vue/download/vue-3.2.22.tgz?cache=0&sync_timestamp=1636947969556&other_urls=https%3A%2F%2Fregistry.npmmirror.com%2Fvue%2Fdownload%2Fvue-3.2.22.tgz#46e4dd89e98cc4b851ae1eb35f00ced413a34bb7"
  integrity sha512-KD5nZpXVZquOC6926Xnp3zOvswrUyO9Rya7ZUoxWFQEjFDW4iACtwzubRB4Um2Om9kj6CaJOqAVRDSFlqLpdgw==
  dependencies:
    "@vue/compiler-dom" "3.2.22"
    "@vue/compiler-sfc" "3.2.22"
    "@vue/runtime-dom" "3.2.22"
    "@vue/server-renderer" "3.2.22"
    "@vue/shared" "3.2.22"

xss@^1.0.6:
  version "1.0.10"
  resolved "https://registry.npmmirror.com/xss/download/xss-1.0.10.tgz?cache=0&sync_timestamp=1633683792567&other_urls=https%3A%2F%2Fregistry.npmmirror.com%2Fxss%2Fdownload%2Fxss-1.0.10.tgz#5cd63a9b147a755a14cb0455c7db8866120eb4d2"
  integrity sha1-XNY6mxR6dVoUywRVx9uIZhIOtNI=
  dependencies:
    commander "^2.20.3"
    cssfilter "0.0.10"

zrender@5.2.1:
  version "5.2.1"
  resolved "https://registry.nlark.com/zrender/download/zrender-5.2.1.tgz#5f4bbda915ba6d412b0b19dc2431beaad05417bb"
  integrity sha1-X0u9qRW6bUErCxncJDG+qtBUF7s=
  dependencies:
    tslib "2.3.0"
